---
name: PowerClock
description: Power Clock Time and Attendance Software Home
image: ""
created: "2021-02-04"
modified: "2021-02-04"
specificationVersion: "0.14"
x-rank: "7"
x-alexaRank: "1000000"
url: https://raw.githubusercontent.com/api-network/organizations/main/powerclock.yaml
tags:
- Timeclock
- Time Clock
- Time
- Powerclock
- Power Clock
- Fingerprint
- Employee Management
- Employee
- Email
- Clock
- Biometric
apis: []
x-common:
- type: x-website
  url: https://www.powerclock.com
include: []
maintainers:
- FN: Kin Lane
  x-twitter: apievangelist
  email: info@apievangelist.com
---